github.com/juancavalpso/urbansolutions v0.0.0-20210325164747-f0fc9403fb40 h1:OIVua3iq09nygI/hoyuEqej0tcNcE79R+UV7E3T78Vw=
github.com/juancavalpso/urbansolutions v0.0.0-20210325173951-570f453e33c7 h1:anaMins+22fPLzISG+ACO9uoziX6tbXave3jVzZ9mck=
github.com/juancavalpso/urbansolutions v0.0.0-20210325183131-34a1f33b977a h1:famOwNAFib1LYSHnCu4tL+dgu0p0x0NOYagfV65mznQ=
github.com/juancavalpso/urbansolutions v0.0.0-20210325193532-76ae697428c9 h1:gRynkUj2fqZ9IE6iKs7jV8l53Zc8P2087/lBMQ5icz0=
github.com/juancavalpso/urbansolutions/configu v0.0.0-20210325155919-e491466ad9fd h1:2kno/3FkuxGYQ+Uu8H67gsglvviI5bV91Bc80A6Hz+Y=
github.com/juancavalpso/urbansolutions/configu v0.0.0-20210325155919-e491466ad9fd/go.mod h1:Wi6My6JN8//Wez566TxqaVwkW4SfZrFyZsFBziwM5MQ=
github.com/juancavalpso/urbansolutions/configu v0.0.0-20210325164747-f0fc9403fb40 h1:9JhpEDd/kPhlb9mvURcrcrz7qgakSlzc4RqUv5jTDE8=
github.com/juancavalpso/urbansolutions/configu v0.0.0-20210325164747-f0fc9403fb40/go.mod h1:Wi6My6JN8//Wez566TxqaVwkW4SfZrFyZsFBziwM5MQ=
github.com/juancavalpso/urbansolutions/configu v0.0.0-20210325173951-570f453e33c7 h1:OML73uS1cmm5mH85HYN9iEkAlY5GhK8DFLZ12UcI8qY=
github.com/juancavalpso/urbansolutions/configu v0.0.0-20210325173951-570f453e33c7/go.mod h1:Wi6My6JN8//Wez566TxqaVwkW4SfZrFyZsFBziwM5MQ=
github.com/juancavalpso/urbansolutions/configu v0.0.0-20210325183131-34a1f33b977a h1:eRjQhbFGSOhFoLY4++QghJCPZzA1OHxkBGq90CPxdjo=
github.com/juancavalpso/urbansolutions/configu v0.0.0-20210325183131-34a1f33b977a/go.mod h1:Wi6My6JN8//Wez566TxqaVwkW4SfZrFyZsFBziwM5MQ=
github.com/juancavalpso/urbansolutions/modelo v0.0.0-20210325193532-76ae697428c9 h1:a7UTekKwhpFIESKg5okkbh0VHL9jYQFIS9nSZ4UuhEM=
github.com/juancavalpso/urbansolutions/modelo v0.0.0-20210325193532-76ae697428c9/go.mod h1:qYWYo4ms90tHuyPp02z5lV7W8hnji7E5REHb023jeJU=
