github.com/juancavalpso/urbansolutions v0.0.0-20210325164747-f0fc9403fb40 h1:OIVua3iq09nygI/hoyuEqej0tcNcE79R+UV7E3T78Vw=
github.com/juancavalpso/urbansolutions/configu v0.0.0-20210325155919-e491466ad9fd h1:2kno/3FkuxGYQ+Uu8H67gsglvviI5bV91Bc80A6Hz+Y=
github.com/juancavalpso/urbansolutions/configu v0.0.0-20210325155919-e491466ad9fd/go.mod h1:Wi6My6JN8//Wez566TxqaVwkW4SfZrFyZsFBziwM5MQ=
github.com/juancavalpso/urbansolutions/configu v0.0.0-20210325164747-f0fc9403fb40 h1:9JhpEDd/kPhlb9mvURcrcrz7qgakSlzc4RqUv5jTDE8=
github.com/juancavalpso/urbansolutions/configu v0.0.0-20210325164747-f0fc9403fb40/go.mod h1:Wi6My6JN8//Wez566TxqaVwkW4SfZrFyZsFBziwM5MQ=
